
Microsoft Visual Studio Solution File, Format Version 12.00
# Visual Studio Version 17
VisualStudioVersion = 17.7.34302.85
MinimumVisualStudioVersion = 10.0.40219.1
Project("{9A19103F-16F7-4668-BE54-9A1E7A4F7556}") = "Commerce.Api", "Api.csproj", "{4127A666-8BCA-4AA6-A840-BCE668FAFD29}"
EndProject
Project("{9A19103F-16F7-4668-BE54-9A1E7A4F7556}") = "Commerce.Domain", "..\Domain\Domain.csproj", "{60EB7E31-5E5A-4360-BCF1-CA2599CC0A5C}"
EndProject
Project("{9A19103F-16F7-4668-BE54-9A1E7A4F7556}") = "Commerce.Application", "..\Commerce.Application\Commerce.Application.csproj", "{A1B2C3D4-E5F6-7890-ABCD-EF1234567890}"
EndProject
Project("{9A19103F-16F7-4668-BE54-9A1E7A4F7556}") = "Commerce.Infrastructure", "..\Commerce.Infrastructure\Commerce.Infrastructure.csproj", "{B2C3D4E5-F6A7-8901-BCDE-F12345678901}"
EndProject
Global
	GlobalSection(SolutionConfigurationPlatforms) = preSolution
		Debug|Any CPU = Debug|Any CPU
		Release|Any CPU = Release|Any CPU
	EndGlobalSection
	GlobalSection(ProjectConfigurationPlatforms) = postSolution
		{4127A666-8BCA-4AA6-A840-BCE668FAFD29}.Debug|Any CPU.ActiveCfg = Debug|Any CPU
		{4127A666-8BCA-4AA6-A840-BCE668FAFD29}.Debug|Any CPU.Build.0 = Debug|Any CPU
		{4127A666-8BCA-4AA6-A840-BCE668FAFD29}.Release|Any CPU.ActiveCfg = Release|Any CPU
		{4127A666-8BCA-4AA6-A840-BCE668FAFD29}.Release|Any CPU.Build.0 = Release|Any CPU
		{60EB7E31-5E5A-4360-BCF1-CA2599CC0A5C}.Debug|Any CPU.ActiveCfg = Debug|Any CPU
		{60EB7E31-5E5A-4360-BCF1-CA2599CC0A5C}.Debug|Any CPU.Build.0 = Debug|Any CPU
		{60EB7E31-5E5A-4360-BCF1-CA2599CC0A5C}.Release|Any CPU.ActiveCfg = Release|Any CPU
		{60EB7E31-5E5A-4360-BCF1-CA2599CC0A5C}.Release|Any CPU.Build.0 = Release|Any CPU
		{A1B2C3D4-E5F6-7890-ABCD-EF1234567890}.Debug|Any CPU.ActiveCfg = Debug|Any CPU
		{A1B2C3D4-E5F6-7890-ABCD-EF1234567890}.Debug|Any CPU.Build.0 = Debug|Any CPU
		{A1B2C3D4-E5F6-7890-ABCD-EF1234567890}.Release|Any CPU.ActiveCfg = Release|Any CPU
		{A1B2C3D4-E5F6-7890-ABCD-EF1234567890}.Release|Any CPU.Build.0 = Release|Any CPU
		{B2C3D4E5-F6A7-8901-BCDE-F12345678901}.Debug|Any CPU.ActiveCfg = Debug|Any CPU
		{B2C3D4E5-F6A7-8901-BCDE-F12345678901}.Debug|Any CPU.Build.0 = Debug|Any CPU
		{B2C3D4E5-F6A7-8901-BCDE-F12345678901}.Release|Any CPU.ActiveCfg = Release|Any CPU
		{B2C3D4E5-F6A7-8901-BCDE-F12345678901}.Release|Any CPU.Build.0 = Release|Any CPU
	EndGlobalSection
	GlobalSection(SolutionProperties) = preSolution
		HideSolutionNode = FALSE
	EndGlobalSection
	GlobalSection(ExtensibilityGlobals) = postSolution
		SolutionGuid = {BA6746BB-F49A-4CB7-968F-FDE2D4749C51}
	EndGlobalSection
EndGlobal
